
Microsoft Visual Studio Solution File, Format Version 12.00
# Visual Studio 15
Project("{FAE04EC0-301F-11D3-BF4B-00C04F79EFBC}") = "Meta.WitAi.Conduit", "Meta.WitAi.Conduit.csproj", "{180CE7D1-E245-73C5-89D7-6E87B9E78D81}"
EndProject
Project("{FAE04EC0-301F-11D3-BF4B-00C04F79EFBC}") = "Oculus.VR", "Oculus.VR.csproj", "{16246D58-072E-26E7-0821-EA5047DDF4AE}"
EndProject
Project("{FAE04EC0-301F-11D3-BF4B-00C04F79EFBC}") = "Oculus.Interaction", "Oculus.Interaction.csproj", "{DC4A506B-49B2-77FC-3471-AD09E098BB27}"
EndProject
Project("{FAE04EC0-301F-11D3-BF4B-00C04F79EFBC}") = "Oculus.Interaction.Editor", "Oculus.Interaction.Editor.csproj", "{2DDACE8C-8A50-E261-A0B1-4E2EB0ED0031}"
EndProject
Project("{FAE04EC0-301F-11D3-BF4B-00C04F79EFBC}") = "Assembly-CSharp", "Assembly-CSharp.csproj", "{D0F74257-F6B2-DCEA-FC51-AA11C694D4B0}"
EndProject
Project("{FAE04EC0-301F-11D3-BF4B-00C04F79EFBC}") = "Oculus.Platform", "Oculus.Platform.csproj", "{A02AB722-6889-71C3-3335-55FCDEA1FE3A}"
EndProject
Project("{FAE04EC0-301F-11D3-BF4B-00C04F79EFBC}") = "VoiceSDK.Telemetry", "VoiceSDK.Telemetry.csproj", "{B7724154-37ED-D258-D6E9-EBAEAF3C297D}"
EndProject
Project("{FAE04EC0-301F-11D3-BF4B-00C04F79EFBC}") = "Oculus.Interaction.OVR.Samples", "Oculus.Interaction.OVR.Samples.csproj", "{A504C603-F839-248B-51BA-D00911F53710}"
EndProject
Project("{FAE04EC0-301F-11D3-BF4B-00C04F79EFBC}") = "Meta.WitAi.Lib", "Meta.WitAi.Lib.csproj", "{5090B167-068A-2A1D-1DB6-A480C870A0B7}"
EndProject
Project("{FAE04EC0-301F-11D3-BF4B-00C04F79EFBC}") = "Meta.WitAi.Editor", "Meta.WitAi.Editor.csproj", "{106B388C-36FE-BA91-6AB2-3DA5B5901192}"
EndProject
Project("{FAE04EC0-301F-11D3-BF4B-00C04F79EFBC}") = "Meta.WitAi.Conduit.Editor", "Meta.WitAi.Conduit.Editor.csproj", "{5D7C5FD5-3D26-130E-8B6A-DAF96FA39DBC}"
EndProject
Project("{FAE04EC0-301F-11D3-BF4B-00C04F79EFBC}") = "Meta.WitAi", "Meta.WitAi.csproj", "{E632EC3F-FAF0-0395-8868-076BF4B4BA88}"
EndProject
Project("{FAE04EC0-301F-11D3-BF4B-00C04F79EFBC}") = "Oculus.VR.Editor", "Oculus.VR.Editor.csproj", "{90C86F64-434F-0873-42CA-11DF8F29C627}"
EndProject
Project("{FAE04EC0-301F-11D3-BF4B-00C04F79EFBC}") = "Oculus.Interaction.OVR.Editor", "Oculus.Interaction.OVR.Editor.csproj", "{FC0A67D1-0A21-080F-2B86-5E7F50CF9DE2}"
EndProject
Project("{FAE04EC0-301F-11D3-BF4B-00C04F79EFBC}") = "Oculus.LipSync", "Oculus.LipSync.csproj", "{11EAD4BB-83FA-7FDF-A19F-F292298D021F}"
EndProject
Project("{FAE04EC0-301F-11D3-BF4B-00C04F79EFBC}") = "Oculus.Interaction.OVR", "Oculus.Interaction.OVR.csproj", "{E080F0A1-C36E-A2B2-C600-8E88A6160121}"
EndProject
Project("{FAE04EC0-301F-11D3-BF4B-00C04F79EFBC}") = "VoiceSDK.Editor", "VoiceSDK.Editor.csproj", "{02FFAAA6-4687-41BD-60C4-2AC15C99C96D}"
EndProject
Project("{FAE04EC0-301F-11D3-BF4B-00C04F79EFBC}") = "Meta.WitAI.Lib.Editor", "Meta.WitAI.Lib.Editor.csproj", "{45EC2F59-BB5B-B2EE-2E1E-38E85604EEBE}"
EndProject
Project("{FAE04EC0-301F-11D3-BF4B-00C04F79EFBC}") = "Oculus.AudioManager", "Oculus.AudioManager.csproj", "{C6391021-C651-7355-16DE-27AF7518DA00}"
EndProject
Project("{FAE04EC0-301F-11D3-BF4B-00C04F79EFBC}") = "Meta.Voice.Samples.BuiltInTimer", "Meta.Voice.Samples.BuiltInTimer.csproj", "{D5491537-CC12-3B5F-DBD9-995FD32E0537}"
EndProject
Project("{FAE04EC0-301F-11D3-BF4B-00C04F79EFBC}") = "Meta.XR.BuildingBlocks.Editor", "Meta.XR.BuildingBlocks.Editor.csproj", "{A9B3175C-4C7C-4F8C-9144-89ED13BFB957}"
EndProject
Project("{FAE04EC0-301F-11D3-BF4B-00C04F79EFBC}") = "Meta.Voice.VSDKHub.Editor", "Meta.Voice.VSDKHub.Editor.csproj", "{D5017A6D-A329-CDE8-6173-11EB04A75DAA}"
EndProject
Project("{FAE04EC0-301F-11D3-BF4B-00C04F79EFBC}") = "VoiceSDK.Dictation.Runtime", "VoiceSDK.Dictation.Runtime.csproj", "{40CE0D3E-56A1-D936-E3E6-B7F48A2F7C5F}"
EndProject
Project("{FAE04EC0-301F-11D3-BF4B-00C04F79EFBC}") = "Meta.WitAi.TTS", "Meta.WitAi.TTS.csproj", "{C53E22C1-2B7C-B7E9-2228-413DE1A586AA}"
EndProject
Project("{FAE04EC0-301F-11D3-BF4B-00C04F79EFBC}") = "AssistantCoreSDKRuntime", "AssistantCoreSDKRuntime.csproj", "{DE9AD486-A548-1AAC-C628-C894129E8C73}"
EndProject
Project("{FAE04EC0-301F-11D3-BF4B-00C04F79EFBC}") = "Assembly-CSharp-Editor", "Assembly-CSharp-Editor.csproj", "{80351938-A37C-F03F-AD7D-072AA384A0CF}"
EndProject
Project("{FAE04EC0-301F-11D3-BF4B-00C04F79EFBC}") = "Meta.Voice.Samples.TTSVoices", "Meta.Voice.Samples.TTSVoices.csproj", "{FC778172-07B5-C659-E8ED-F893F09FF2BB}"
EndProject
Project("{FAE04EC0-301F-11D3-BF4B-00C04F79EFBC}") = "VoiceSDK.Runtime", "VoiceSDK.Runtime.csproj", "{5C01ED99-EE8C-21CB-6352-D86C5BCAB905}"
EndProject
Project("{FAE04EC0-301F-11D3-BF4B-00C04F79EFBC}") = "Oculus.VR.Scripts.Editor", "Oculus.VR.Scripts.Editor.csproj", "{0767E456-5299-1D73-AF97-55E68B4AEDE7}"
EndProject
Project("{FAE04EC0-301F-11D3-BF4B-00C04F79EFBC}") = "Meta.Voice.Samples.LightTraits", "Meta.Voice.Samples.LightTraits.csproj", "{CFB6E568-730D-3849-49B8-F768DCC44707}"
EndProject
Project("{FAE04EC0-301F-11D3-BF4B-00C04F79EFBC}") = "Meta.Voice.Hub.Editor", "Meta.Voice.Hub.Editor.csproj", "{59FCF4C2-E163-F152-4944-A73DD8B2F915}"
EndProject
Project("{FAE04EC0-301F-11D3-BF4B-00C04F79EFBC}") = "Oculus.Interaction.Samples.Editor", "Oculus.Interaction.Samples.Editor.csproj", "{C0803F1B-3D57-EB14-03F4-250B325E6BAE}"
EndProject
Project("{FAE04EC0-301F-11D3-BF4B-00C04F79EFBC}") = "uWindowCapture.Editor", "uWindowCapture.Editor.csproj", "{5684B73C-61B7-0AD6-ED09-A8C1AD34BB51}"
EndProject
Project("{FAE04EC0-301F-11D3-BF4B-00C04F79EFBC}") = "Meta.WitAi.TTS.Editor", "Meta.WitAi.TTS.Editor.csproj", "{66937D59-829F-547B-CAE0-047A3D105E67}"
EndProject
Project("{FAE04EC0-301F-11D3-BF4B-00C04F79EFBC}") = "uWindowCapture.Runtime", "uWindowCapture.Runtime.csproj", "{2DC6C4E8-3EF4-6402-9396-6BF2AA3E658B}"
EndProject
Project("{FAE04EC0-301F-11D3-BF4B-00C04F79EFBC}") = "Meta.XR.BuildingBlocks", "Meta.XR.BuildingBlocks.csproj", "{B371BD8B-3868-8A05-3DE8-BF0FF60A9B39}"
EndProject
Project("{FAE04EC0-301F-11D3-BF4B-00C04F79EFBC}") = "Oculus.Platform.Editor", "Oculus.Platform.Editor.csproj", "{8E4C195F-23AF-7AAE-7D90-0C27F7C68436}"
EndProject
Project("{FAE04EC0-301F-11D3-BF4B-00C04F79EFBC}") = "Facebook.Wit.Dictation", "Facebook.Wit.Dictation.csproj", "{B90B0D66-97E5-4EED-C3BF-507A25F53354}"
EndProject
Project("{FAE04EC0-301F-11D3-BF4B-00C04F79EFBC}") = "Oculus.Spatializer.Editor", "Oculus.Spatializer.Editor.csproj", "{C98B2B47-86C7-619F-A293-97A65F875067}"
EndProject
Project("{FAE04EC0-301F-11D3-BF4B-00C04F79EFBC}") = "Oculus.LipSync.Editor", "Oculus.LipSync.Editor.csproj", "{9B2E1D72-4F6F-AFB1-D8F9-C0DD52AE9FD2}"
EndProject
Project("{FAE04EC0-301F-11D3-BF4B-00C04F79EFBC}") = "Oculus.AudioManager.Utils.Editor", "Oculus.AudioManager.Utils.Editor.csproj", "{113144C2-3B5B-1FF0-A591-89907F31A4B6}"
EndProject
Project("{FAE04EC0-301F-11D3-BF4B-00C04F79EFBC}") = "Meta.VoiceSDK.Mic.Common", "Meta.VoiceSDK.Mic.Common.csproj", "{CEAB9519-ED38-7271-8184-AB683F7F9F8C}"
EndProject
Project("{FAE04EC0-301F-11D3-BF4B-00C04F79EFBC}") = "Meta.Voice.Samples.ShapesConduit", "Meta.Voice.Samples.ShapesConduit.csproj", "{A56B03C4-B5CF-3503-BE0C-CEB57E63482F}"
EndProject
Project("{FAE04EC0-301F-11D3-BF4B-00C04F79EFBC}") = "Oculus.Spatializer", "Oculus.Spatializer.csproj", "{0C235D17-3D9B-58CE-D975-CE6F0E409C05}"
EndProject
Project("{FAE04EC0-301F-11D3-BF4B-00C04F79EFBC}") = "Meta.VoiceSDK.Mic.Other", "Meta.VoiceSDK.Mic.Other.csproj", "{D9C5473D-AACB-EDE0-5C6B-540B02064E5D}"
EndProject
Project("{FAE04EC0-301F-11D3-BF4B-00C04F79EFBC}") = "Oculus.Interaction.InterfaceSupport", "Oculus.Interaction.InterfaceSupport.csproj", "{D09FB916-A17D-EA01-772D-6126A0BDDA52}"
EndProject
Project("{FAE04EC0-301F-11D3-BF4B-00C04F79EFBC}") = "Oculus.AudioManager.Audio.Editor", "Oculus.AudioManager.Audio.Editor.csproj", "{B8556A16-8D63-271F-419B-A5D6C2EF056E}"
EndProject
Project("{FAE04EC0-301F-11D3-BF4B-00C04F79EFBC}") = "Meta.Voice.Samples.LiveUnderstanding", "Meta.Voice.Samples.LiveUnderstanding.csproj", "{4E41B912-5A2C-B812-0955-A4B00DBC658F}"
EndProject
Project("{FAE04EC0-301F-11D3-BF4B-00C04F79EFBC}") = "VoiceSDK.Dictation.Editor", "VoiceSDK.Dictation.Editor.csproj", "{E0C77595-3D09-D0E6-DDD2-34FEEBE84F52}"
EndProject
Project("{FAE04EC0-301F-11D3-BF4B-00C04F79EFBC}") = "AssistantCoreSDKEditor", "AssistantCoreSDKEditor.csproj", "{297FE23F-B7B1-82F9-59EC-263E5FAAB3D4}"
EndProject
Project("{FAE04EC0-301F-11D3-BF4B-00C04F79EFBC}") = "Meta.VoiceSDK.Mic.WebGL", "Meta.VoiceSDK.Mic.WebGL.csproj", "{F832A63A-2C31-7210-2296-E49C2F5190FF}"
EndProject
Project("{FAE04EC0-301F-11D3-BF4B-00C04F79EFBC}") = "Meta.Voice.Hub.Runtime", "Meta.Voice.Hub.Runtime.csproj", "{F3F2B423-656B-5F8D-F722-0422EC4ABCBD}"
EndProject
Project("{FAE04EC0-301F-11D3-BF4B-00C04F79EFBC}") = "Meta.Voice.Samples.Chess", "Meta.Voice.Samples.Chess.csproj", "{27428B8C-433E-AB95-B018-8F7927CECE45}"
EndProject
Project("{FAE04EC0-301F-11D3-BF4B-00C04F79EFBC}") = "Meta.Voice.Samples.Dictation", "Meta.Voice.Samples.Dictation.csproj", "{9594961E-3D1D-B01D-F5AA-966196D78C1A}"
EndProject
Project("{FAE04EC0-301F-11D3-BF4B-00C04F79EFBC}") = "Meta.Voice.Samples.Shapes", "Meta.Voice.Samples.Shapes.csproj", "{15CFE252-5FF0-4665-A6E2-5DBDDB65684E}"
EndProject
Project("{FAE04EC0-301F-11D3-BF4B-00C04F79EFBC}") = "Facebook.Wit.Dictation.Editor", "Facebook.Wit.Dictation.Editor.csproj", "{49FD0836-F263-0EAB-C621-D0EBAE478A5F}"
EndProject
Global
	GlobalSection(SolutionConfigurationPlatforms) = preSolution
		Debug|Any CPU = Debug|Any CPU
		Release|Any CPU = Release|Any CPU
	EndGlobalSection
	GlobalSection(ProjectConfigurationPlatforms) = postSolution
		{180CE7D1-E245-73C5-89D7-6E87B9E78D81}.Debug|Any CPU.ActiveCfg = Debug|Any CPU
		{180CE7D1-E245-73C5-89D7-6E87B9E78D81}.Debug|Any CPU.Build.0 = Debug|Any CPU
		{180CE7D1-E245-73C5-89D7-6E87B9E78D81}.Release|Any CPU.ActiveCfg = Release|Any CPU
		{180CE7D1-E245-73C5-89D7-6E87B9E78D81}.Release|Any CPU.Build.0 = Release|Any CPU
		{16246D58-072E-26E7-0821-EA5047DDF4AE}.Debug|Any CPU.ActiveCfg = Debug|Any CPU
		{16246D58-072E-26E7-0821-EA5047DDF4AE}.Debug|Any CPU.Build.0 = Debug|Any CPU
		{16246D58-072E-26E7-0821-EA5047DDF4AE}.Release|Any CPU.ActiveCfg = Release|Any CPU
		{16246D58-072E-26E7-0821-EA5047DDF4AE}.Release|Any CPU.Build.0 = Release|Any CPU
		{DC4A506B-49B2-77FC-3471-AD09E098BB27}.Debug|Any CPU.ActiveCfg = Debug|Any CPU
		{DC4A506B-49B2-77FC-3471-AD09E098BB27}.Debug|Any CPU.Build.0 = Debug|Any CPU
		{DC4A506B-49B2-77FC-3471-AD09E098BB27}.Release|Any CPU.ActiveCfg = Release|Any CPU
		{DC4A506B-49B2-77FC-3471-AD09E098BB27}.Release|Any CPU.Build.0 = Release|Any CPU
		{2DDACE8C-8A50-E261-A0B1-4E2EB0ED0031}.Debug|Any CPU.ActiveCfg = Debug|Any CPU
		{2DDACE8C-8A50-E261-A0B1-4E2EB0ED0031}.Debug|Any CPU.Build.0 = Debug|Any CPU
		{2DDACE8C-8A50-E261-A0B1-4E2EB0ED0031}.Release|Any CPU.ActiveCfg = Release|Any CPU
		{2DDACE8C-8A50-E261-A0B1-4E2EB0ED0031}.Release|Any CPU.Build.0 = Release|Any CPU
		{D0F74257-F6B2-DCEA-FC51-AA11C694D4B0}.Debug|Any CPU.ActiveCfg = Debug|Any CPU
		{D0F74257-F6B2-DCEA-FC51-AA11C694D4B0}.Debug|Any CPU.Build.0 = Debug|Any CPU
		{D0F74257-F6B2-DCEA-FC51-AA11C694D4B0}.Release|Any CPU.ActiveCfg = Release|Any CPU
		{D0F74257-F6B2-DCEA-FC51-AA11C694D4B0}.Release|Any CPU.Build.0 = Release|Any CPU
		{A02AB722-6889-71C3-3335-55FCDEA1FE3A}.Debug|Any CPU.ActiveCfg = Debug|Any CPU
		{A02AB722-6889-71C3-3335-55FCDEA1FE3A}.Debug|Any CPU.Build.0 = Debug|Any CPU
		{A02AB722-6889-71C3-3335-55FCDEA1FE3A}.Release|Any CPU.ActiveCfg = Release|Any CPU
		{A02AB722-6889-71C3-3335-55FCDEA1FE3A}.Release|Any CPU.Build.0 = Release|Any CPU
		{B7724154-37ED-D258-D6E9-EBAEAF3C297D}.Debug|Any CPU.ActiveCfg = Debug|Any CPU
		{B7724154-37ED-D258-D6E9-EBAEAF3C297D}.Debug|Any CPU.Build.0 = Debug|Any CPU
		{B7724154-37ED-D258-D6E9-EBAEAF3C297D}.Release|Any CPU.ActiveCfg = Release|Any CPU
		{B7724154-37ED-D258-D6E9-EBAEAF3C297D}.Release|Any CPU.Build.0 = Release|Any CPU
		{A504C603-F839-248B-51BA-D00911F53710}.Debug|Any CPU.ActiveCfg = Debug|Any CPU
		{A504C603-F839-248B-51BA-D00911F53710}.Debug|Any CPU.Build.0 = Debug|Any CPU
		{A504C603-F839-248B-51BA-D00911F53710}.Release|Any CPU.ActiveCfg = Release|Any CPU
		{A504C603-F839-248B-51BA-D00911F53710}.Release|Any CPU.Build.0 = Release|Any CPU
		{5090B167-068A-2A1D-1DB6-A480C870A0B7}.Debug|Any CPU.ActiveCfg = Debug|Any CPU
		{5090B167-068A-2A1D-1DB6-A480C870A0B7}.Debug|Any CPU.Build.0 = Debug|Any CPU
		{5090B167-068A-2A1D-1DB6-A480C870A0B7}.Release|Any CPU.ActiveCfg = Release|Any CPU
		{5090B167-068A-2A1D-1DB6-A480C870A0B7}.Release|Any CPU.Build.0 = Release|Any CPU
		{106B388C-36FE-BA91-6AB2-3DA5B5901192}.Debug|Any CPU.ActiveCfg = Debug|Any CPU
		{106B388C-36FE-BA91-6AB2-3DA5B5901192}.Debug|Any CPU.Build.0 = Debug|Any CPU
		{106B388C-36FE-BA91-6AB2-3DA5B5901192}.Release|Any CPU.ActiveCfg = Release|Any CPU
		{106B388C-36FE-BA91-6AB2-3DA5B5901192}.Release|Any CPU.Build.0 = Release|Any CPU
		{5D7C5FD5-3D26-130E-8B6A-DAF96FA39DBC}.Debug|Any CPU.ActiveCfg = Debug|Any CPU
		{5D7C5FD5-3D26-130E-8B6A-DAF96FA39DBC}.Debug|Any CPU.Build.0 = Debug|Any CPU
		{5D7C5FD5-3D26-130E-8B6A-DAF96FA39DBC}.Release|Any CPU.ActiveCfg = Release|Any CPU
		{5D7C5FD5-3D26-130E-8B6A-DAF96FA39DBC}.Release|Any CPU.Build.0 = Release|Any CPU
		{E632EC3F-FAF0-0395-8868-076BF4B4BA88}.Debug|Any CPU.ActiveCfg = Debug|Any CPU
		{E632EC3F-FAF0-0395-8868-076BF4B4BA88}.Debug|Any CPU.Build.0 = Debug|Any CPU
		{E632EC3F-FAF0-0395-8868-076BF4B4BA88}.Release|Any CPU.ActiveCfg = Release|Any CPU
		{E632EC3F-FAF0-0395-8868-076BF4B4BA88}.Release|Any CPU.Build.0 = Release|Any CPU
		{90C86F64-434F-0873-42CA-11DF8F29C627}.Debug|Any CPU.ActiveCfg = Debug|Any CPU
		{90C86F64-434F-0873-42CA-11DF8F29C627}.Debug|Any CPU.Build.0 = Debug|Any CPU
		{90C86F64-434F-0873-42CA-11DF8F29C627}.Release|Any CPU.ActiveCfg = Release|Any CPU
		{90C86F64-434F-0873-42CA-11DF8F29C627}.Release|Any CPU.Build.0 = Release|Any CPU
		{FC0A67D1-0A21-080F-2B86-5E7F50CF9DE2}.Debug|Any CPU.ActiveCfg = Debug|Any CPU
		{FC0A67D1-0A21-080F-2B86-5E7F50CF9DE2}.Debug|Any CPU.Build.0 = Debug|Any CPU
		{FC0A67D1-0A21-080F-2B86-5E7F50CF9DE2}.Release|Any CPU.ActiveCfg = Release|Any CPU
		{FC0A67D1-0A21-080F-2B86-5E7F50CF9DE2}.Release|Any CPU.Build.0 = Release|Any CPU
		{11EAD4BB-83FA-7FDF-A19F-F292298D021F}.Debug|Any CPU.ActiveCfg = Debug|Any CPU
		{11EAD4BB-83FA-7FDF-A19F-F292298D021F}.Debug|Any CPU.Build.0 = Debug|Any CPU
		{11EAD4BB-83FA-7FDF-A19F-F292298D021F}.Release|Any CPU.ActiveCfg = Release|Any CPU
		{11EAD4BB-83FA-7FDF-A19F-F292298D021F}.Release|Any CPU.Build.0 = Release|Any CPU
		{E080F0A1-C36E-A2B2-C600-8E88A6160121}.Debug|Any CPU.ActiveCfg = Debug|Any CPU
		{E080F0A1-C36E-A2B2-C600-8E88A6160121}.Debug|Any CPU.Build.0 = Debug|Any CPU
		{E080F0A1-C36E-A2B2-C600-8E88A6160121}.Release|Any CPU.ActiveCfg = Release|Any CPU
		{E080F0A1-C36E-A2B2-C600-8E88A6160121}.Release|Any CPU.Build.0 = Release|Any CPU
		{02FFAAA6-4687-41BD-60C4-2AC15C99C96D}.Debug|Any CPU.ActiveCfg = Debug|Any CPU
		{02FFAAA6-4687-41BD-60C4-2AC15C99C96D}.Debug|Any CPU.Build.0 = Debug|Any CPU
		{02FFAAA6-4687-41BD-60C4-2AC15C99C96D}.Release|Any CPU.ActiveCfg = Release|Any CPU
		{02FFAAA6-4687-41BD-60C4-2AC15C99C96D}.Release|Any CPU.Build.0 = Release|Any CPU
		{45EC2F59-BB5B-B2EE-2E1E-38E85604EEBE}.Debug|Any CPU.ActiveCfg = Debug|Any CPU
		{45EC2F59-BB5B-B2EE-2E1E-38E85604EEBE}.Debug|Any CPU.Build.0 = Debug|Any CPU
		{45EC2F59-BB5B-B2EE-2E1E-38E85604EEBE}.Release|Any CPU.ActiveCfg = Release|Any CPU
		{45EC2F59-BB5B-B2EE-2E1E-38E85604EEBE}.Release|Any CPU.Build.0 = Release|Any CPU
		{C6391021-C651-7355-16DE-27AF7518DA00}.Debug|Any CPU.ActiveCfg = Debug|Any CPU
		{C6391021-C651-7355-16DE-27AF7518DA00}.Debug|Any CPU.Build.0 = Debug|Any CPU
		{C6391021-C651-7355-16DE-27AF7518DA00}.Release|Any CPU.ActiveCfg = Release|Any CPU
		{C6391021-C651-7355-16DE-27AF7518DA00}.Release|Any CPU.Build.0 = Release|Any CPU
		{D5491537-CC12-3B5F-DBD9-995FD32E0537}.Debug|Any CPU.ActiveCfg = Debug|Any CPU
		{D5491537-CC12-3B5F-DBD9-995FD32E0537}.Debug|Any CPU.Build.0 = Debug|Any CPU
		{D5491537-CC12-3B5F-DBD9-995FD32E0537}.Release|Any CPU.ActiveCfg = Release|Any CPU
		{D5491537-CC12-3B5F-DBD9-995FD32E0537}.Release|Any CPU.Build.0 = Release|Any CPU
		{A9B3175C-4C7C-4F8C-9144-89ED13BFB957}.Debug|Any CPU.ActiveCfg = Debug|Any CPU
		{A9B3175C-4C7C-4F8C-9144-89ED13BFB957}.Debug|Any CPU.Build.0 = Debug|Any CPU
		{A9B3175C-4C7C-4F8C-9144-89ED13BFB957}.Release|Any CPU.ActiveCfg = Release|Any CPU
		{A9B3175C-4C7C-4F8C-9144-89ED13BFB957}.Release|Any CPU.Build.0 = Release|Any CPU
		{D5017A6D-A329-CDE8-6173-11EB04A75DAA}.Debug|Any CPU.ActiveCfg = Debug|Any CPU
		{D5017A6D-A329-CDE8-6173-11EB04A75DAA}.Debug|Any CPU.Build.0 = Debug|Any CPU
		{D5017A6D-A329-CDE8-6173-11EB04A75DAA}.Release|Any CPU.ActiveCfg = Release|Any CPU
		{D5017A6D-A329-CDE8-6173-11EB04A75DAA}.Release|Any CPU.Build.0 = Release|Any CPU
		{40CE0D3E-56A1-D936-E3E6-B7F48A2F7C5F}.Debug|Any CPU.ActiveCfg = Debug|Any CPU
		{40CE0D3E-56A1-D936-E3E6-B7F48A2F7C5F}.Debug|Any CPU.Build.0 = Debug|Any CPU
		{40CE0D3E-56A1-D936-E3E6-B7F48A2F7C5F}.Release|Any CPU.ActiveCfg = Release|Any CPU
		{40CE0D3E-56A1-D936-E3E6-B7F48A2F7C5F}.Release|Any CPU.Build.0 = Release|Any CPU
		{C53E22C1-2B7C-B7E9-2228-413DE1A586AA}.Debug|Any CPU.ActiveCfg = Debug|Any CPU
		{C53E22C1-2B7C-B7E9-2228-413DE1A586AA}.Debug|Any CPU.Build.0 = Debug|Any CPU
		{C53E22C1-2B7C-B7E9-2228-413DE1A586AA}.Release|Any CPU.ActiveCfg = Release|Any CPU
		{C53E22C1-2B7C-B7E9-2228-413DE1A586AA}.Release|Any CPU.Build.0 = Release|Any CPU
		{DE9AD486-A548-1AAC-C628-C894129E8C73}.Debug|Any CPU.ActiveCfg = Debug|Any CPU
		{DE9AD486-A548-1AAC-C628-C894129E8C73}.Debug|Any CPU.Build.0 = Debug|Any CPU
		{DE9AD486-A548-1AAC-C628-C894129E8C73}.Release|Any CPU.ActiveCfg = Release|Any CPU
		{DE9AD486-A548-1AAC-C628-C894129E8C73}.Release|Any CPU.Build.0 = Release|Any CPU
		{80351938-A37C-F03F-AD7D-072AA384A0CF}.Debug|Any CPU.ActiveCfg = Debug|Any CPU
		{80351938-A37C-F03F-AD7D-072AA384A0CF}.Debug|Any CPU.Build.0 = Debug|Any CPU
		{80351938-A37C-F03F-AD7D-072AA384A0CF}.Release|Any CPU.ActiveCfg = Release|Any CPU
		{80351938-A37C-F03F-AD7D-072AA384A0CF}.Release|Any CPU.Build.0 = Release|Any CPU
		{FC778172-07B5-C659-E8ED-F893F09FF2BB}.Debug|Any CPU.ActiveCfg = Debug|Any CPU
		{FC778172-07B5-C659-E8ED-F893F09FF2BB}.Debug|Any CPU.Build.0 = Debug|Any CPU
		{FC778172-07B5-C659-E8ED-F893F09FF2BB}.Release|Any CPU.ActiveCfg = Release|Any CPU
		{FC778172-07B5-C659-E8ED-F893F09FF2BB}.Release|Any CPU.Build.0 = Release|Any CPU
		{5C01ED99-EE8C-21CB-6352-D86C5BCAB905}.Debug|Any CPU.ActiveCfg = Debug|Any CPU
		{5C01ED99-EE8C-21CB-6352-D86C5BCAB905}.Debug|Any CPU.Build.0 = Debug|Any CPU
		{5C01ED99-EE8C-21CB-6352-D86C5BCAB905}.Release|Any CPU.ActiveCfg = Release|Any CPU
		{5C01ED99-EE8C-21CB-6352-D86C5BCAB905}.Release|Any CPU.Build.0 = Release|Any CPU
		{0767E456-5299-1D73-AF97-55E68B4AEDE7}.Debug|Any CPU.ActiveCfg = Debug|Any CPU
		{0767E456-5299-1D73-AF97-55E68B4AEDE7}.Debug|Any CPU.Build.0 = Debug|Any CPU
		{0767E456-5299-1D73-AF97-55E68B4AEDE7}.Release|Any CPU.ActiveCfg = Release|Any CPU
		{0767E456-5299-1D73-AF97-55E68B4AEDE7}.Release|Any CPU.Build.0 = Release|Any CPU
		{CFB6E568-730D-3849-49B8-F768DCC44707}.Debug|Any CPU.ActiveCfg = Debug|Any CPU
		{CFB6E568-730D-3849-49B8-F768DCC44707}.Debug|Any CPU.Build.0 = Debug|Any CPU
		{CFB6E568-730D-3849-49B8-F768DCC44707}.Release|Any CPU.ActiveCfg = Release|Any CPU
		{CFB6E568-730D-3849-49B8-F768DCC44707}.Release|Any CPU.Build.0 = Release|Any CPU
		{59FCF4C2-E163-F152-4944-A73DD8B2F915}.Debug|Any CPU.ActiveCfg = Debug|Any CPU
		{59FCF4C2-E163-F152-4944-A73DD8B2F915}.Debug|Any CPU.Build.0 = Debug|Any CPU
		{59FCF4C2-E163-F152-4944-A73DD8B2F915}.Release|Any CPU.ActiveCfg = Release|Any CPU
		{59FCF4C2-E163-F152-4944-A73DD8B2F915}.Release|Any CPU.Build.0 = Release|Any CPU
		{C0803F1B-3D57-EB14-03F4-250B325E6BAE}.Debug|Any CPU.ActiveCfg = Debug|Any CPU
		{C0803F1B-3D57-EB14-03F4-250B325E6BAE}.Debug|Any CPU.Build.0 = Debug|Any CPU
		{C0803F1B-3D57-EB14-03F4-250B325E6BAE}.Release|Any CPU.ActiveCfg = Release|Any CPU
		{C0803F1B-3D57-EB14-03F4-250B325E6BAE}.Release|Any CPU.Build.0 = Release|Any CPU
		{5684B73C-61B7-0AD6-ED09-A8C1AD34BB51}.Debug|Any CPU.ActiveCfg = Debug|Any CPU
		{5684B73C-61B7-0AD6-ED09-A8C1AD34BB51}.Debug|Any CPU.Build.0 = Debug|Any CPU
		{5684B73C-61B7-0AD6-ED09-A8C1AD34BB51}.Release|Any CPU.ActiveCfg = Release|Any CPU
		{5684B73C-61B7-0AD6-ED09-A8C1AD34BB51}.Release|Any CPU.Build.0 = Release|Any CPU
		{66937D59-829F-547B-CAE0-047A3D105E67}.Debug|Any CPU.ActiveCfg = Debug|Any CPU
		{66937D59-829F-547B-CAE0-047A3D105E67}.Debug|Any CPU.Build.0 = Debug|Any CPU
		{66937D59-829F-547B-CAE0-047A3D105E67}.Release|Any CPU.ActiveCfg = Release|Any CPU
		{66937D59-829F-547B-CAE0-047A3D105E67}.Release|Any CPU.Build.0 = Release|Any CPU
		{2DC6C4E8-3EF4-6402-9396-6BF2AA3E658B}.Debug|Any CPU.ActiveCfg = Debug|Any CPU
		{2DC6C4E8-3EF4-6402-9396-6BF2AA3E658B}.Debug|Any CPU.Build.0 = Debug|Any CPU
		{2DC6C4E8-3EF4-6402-9396-6BF2AA3E658B}.Release|Any CPU.ActiveCfg = Release|Any CPU
		{2DC6C4E8-3EF4-6402-9396-6BF2AA3E658B}.Release|Any CPU.Build.0 = Release|Any CPU
		{B371BD8B-3868-8A05-3DE8-BF0FF60A9B39}.Debug|Any CPU.ActiveCfg = Debug|Any CPU
		{B371BD8B-3868-8A05-3DE8-BF0FF60A9B39}.Debug|Any CPU.Build.0 = Debug|Any CPU
		{B371BD8B-3868-8A05-3DE8-BF0FF60A9B39}.Release|Any CPU.ActiveCfg = Release|Any CPU
		{B371BD8B-3868-8A05-3DE8-BF0FF60A9B39}.Release|Any CPU.Build.0 = Release|Any CPU
		{8E4C195F-23AF-7AAE-7D90-0C27F7C68436}.Debug|Any CPU.ActiveCfg = Debug|Any CPU
		{8E4C195F-23AF-7AAE-7D90-0C27F7C68436}.Debug|Any CPU.Build.0 = Debug|Any CPU
		{8E4C195F-23AF-7AAE-7D90-0C27F7C68436}.Release|Any CPU.ActiveCfg = Release|Any CPU
		{8E4C195F-23AF-7AAE-7D90-0C27F7C68436}.Release|Any CPU.Build.0 = Release|Any CPU
		{B90B0D66-97E5-4EED-C3BF-507A25F53354}.Debug|Any CPU.ActiveCfg = Debug|Any CPU
		{B90B0D66-97E5-4EED-C3BF-507A25F53354}.Debug|Any CPU.Build.0 = Debug|Any CPU
		{B90B0D66-97E5-4EED-C3BF-507A25F53354}.Release|Any CPU.ActiveCfg = Release|Any CPU
		{B90B0D66-97E5-4EED-C3BF-507A25F53354}.Release|Any CPU.Build.0 = Release|Any CPU
		{C98B2B47-86C7-619F-A293-97A65F875067}.Debug|Any CPU.ActiveCfg = Debug|Any CPU
		{C98B2B47-86C7-619F-A293-97A65F875067}.Debug|Any CPU.Build.0 = Debug|Any CPU
		{C98B2B47-86C7-619F-A293-97A65F875067}.Release|Any CPU.ActiveCfg = Release|Any CPU
		{C98B2B47-86C7-619F-A293-97A65F875067}.Release|Any CPU.Build.0 = Release|Any CPU
		{9B2E1D72-4F6F-AFB1-D8F9-C0DD52AE9FD2}.Debug|Any CPU.ActiveCfg = Debug|Any CPU
		{9B2E1D72-4F6F-AFB1-D8F9-C0DD52AE9FD2}.Debug|Any CPU.Build.0 = Debug|Any CPU
		{9B2E1D72-4F6F-AFB1-D8F9-C0DD52AE9FD2}.Release|Any CPU.ActiveCfg = Release|Any CPU
		{9B2E1D72-4F6F-AFB1-D8F9-C0DD52AE9FD2}.Release|Any CPU.Build.0 = Release|Any CPU
		{113144C2-3B5B-1FF0-A591-89907F31A4B6}.Debug|Any CPU.ActiveCfg = Debug|Any CPU
		{113144C2-3B5B-1FF0-A591-89907F31A4B6}.Debug|Any CPU.Build.0 = Debug|Any CPU
		{113144C2-3B5B-1FF0-A591-89907F31A4B6}.Release|Any CPU.ActiveCfg = Release|Any CPU
		{113144C2-3B5B-1FF0-A591-89907F31A4B6}.Release|Any CPU.Build.0 = Release|Any CPU
		{CEAB9519-ED38-7271-8184-AB683F7F9F8C}.Debug|Any CPU.ActiveCfg = Debug|Any CPU
		{CEAB9519-ED38-7271-8184-AB683F7F9F8C}.Debug|Any CPU.Build.0 = Debug|Any CPU
		{CEAB9519-ED38-7271-8184-AB683F7F9F8C}.Release|Any CPU.ActiveCfg = Release|Any CPU
		{CEAB9519-ED38-7271-8184-AB683F7F9F8C}.Release|Any CPU.Build.0 = Release|Any CPU
		{A56B03C4-B5CF-3503-BE0C-CEB57E63482F}.Debug|Any CPU.ActiveCfg = Debug|Any CPU
		{A56B03C4-B5CF-3503-BE0C-CEB57E63482F}.Debug|Any CPU.Build.0 = Debug|Any CPU
		{A56B03C4-B5CF-3503-BE0C-CEB57E63482F}.Release|Any CPU.ActiveCfg = Release|Any CPU
		{A56B03C4-B5CF-3503-BE0C-CEB57E63482F}.Release|Any CPU.Build.0 = Release|Any CPU
		{0C235D17-3D9B-58CE-D975-CE6F0E409C05}.Debug|Any CPU.ActiveCfg = Debug|Any CPU
		{0C235D17-3D9B-58CE-D975-CE6F0E409C05}.Debug|Any CPU.Build.0 = Debug|Any CPU
		{0C235D17-3D9B-58CE-D975-CE6F0E409C05}.Release|Any CPU.ActiveCfg = Release|Any CPU
		{0C235D17-3D9B-58CE-D975-CE6F0E409C05}.Release|Any CPU.Build.0 = Release|Any CPU
		{D9C5473D-AACB-EDE0-5C6B-540B02064E5D}.Debug|Any CPU.ActiveCfg = Debug|Any CPU
		{D9C5473D-AACB-EDE0-5C6B-540B02064E5D}.Debug|Any CPU.Build.0 = Debug|Any CPU
		{D9C5473D-AACB-EDE0-5C6B-540B02064E5D}.Release|Any CPU.ActiveCfg = Release|Any CPU
		{D9C5473D-AACB-EDE0-5C6B-540B02064E5D}.Release|Any CPU.Build.0 = Release|Any CPU
		{D09FB916-A17D-EA01-772D-6126A0BDDA52}.Debug|Any CPU.ActiveCfg = Debug|Any CPU
		{D09FB916-A17D-EA01-772D-6126A0BDDA52}.Debug|Any CPU.Build.0 = Debug|Any CPU
		{D09FB916-A17D-EA01-772D-6126A0BDDA52}.Release|Any CPU.ActiveCfg = Release|Any CPU
		{D09FB916-A17D-EA01-772D-6126A0BDDA52}.Release|Any CPU.Build.0 = Release|Any CPU
		{B8556A16-8D63-271F-419B-A5D6C2EF056E}.Debug|Any CPU.ActiveCfg = Debug|Any CPU
		{B8556A16-8D63-271F-419B-A5D6C2EF056E}.Debug|Any CPU.Build.0 = Debug|Any CPU
		{B8556A16-8D63-271F-419B-A5D6C2EF056E}.Release|Any CPU.ActiveCfg = Release|Any CPU
		{B8556A16-8D63-271F-419B-A5D6C2EF056E}.Release|Any CPU.Build.0 = Release|Any CPU
		{4E41B912-5A2C-B812-0955-A4B00DBC658F}.Debug|Any CPU.ActiveCfg = Debug|Any CPU
		{4E41B912-5A2C-B812-0955-A4B00DBC658F}.Debug|Any CPU.Build.0 = Debug|Any CPU
		{4E41B912-5A2C-B812-0955-A4B00DBC658F}.Release|Any CPU.ActiveCfg = Release|Any CPU
		{4E41B912-5A2C-B812-0955-A4B00DBC658F}.Release|Any CPU.Build.0 = Release|Any CPU
		{E0C77595-3D09-D0E6-DDD2-34FEEBE84F52}.Debug|Any CPU.ActiveCfg = Debug|Any CPU
		{E0C77595-3D09-D0E6-DDD2-34FEEBE84F52}.Debug|Any CPU.Build.0 = Debug|Any CPU
		{E0C77595-3D09-D0E6-DDD2-34FEEBE84F52}.Release|Any CPU.ActiveCfg = Release|Any CPU
		{E0C77595-3D09-D0E6-DDD2-34FEEBE84F52}.Release|Any CPU.Build.0 = Release|Any CPU
		{297FE23F-B7B1-82F9-59EC-263E5FAAB3D4}.Debug|Any CPU.ActiveCfg = Debug|Any CPU
		{297FE23F-B7B1-82F9-59EC-263E5FAAB3D4}.Debug|Any CPU.Build.0 = Debug|Any CPU
		{297FE23F-B7B1-82F9-59EC-263E5FAAB3D4}.Release|Any CPU.ActiveCfg = Release|Any CPU
		{297FE23F-B7B1-82F9-59EC-263E5FAAB3D4}.Release|Any CPU.Build.0 = Release|Any CPU
		{F832A63A-2C31-7210-2296-E49C2F5190FF}.Debug|Any CPU.ActiveCfg = Debug|Any CPU
		{F832A63A-2C31-7210-2296-E49C2F5190FF}.Debug|Any CPU.Build.0 = Debug|Any CPU
		{F832A63A-2C31-7210-2296-E49C2F5190FF}.Release|Any CPU.ActiveCfg = Release|Any CPU
		{F832A63A-2C31-7210-2296-E49C2F5190FF}.Release|Any CPU.Build.0 = Release|Any CPU
		{F3F2B423-656B-5F8D-F722-0422EC4ABCBD}.Debug|Any CPU.ActiveCfg = Debug|Any CPU
		{F3F2B423-656B-5F8D-F722-0422EC4ABCBD}.Debug|Any CPU.Build.0 = Debug|Any CPU
		{F3F2B423-656B-5F8D-F722-0422EC4ABCBD}.Release|Any CPU.ActiveCfg = Release|Any CPU
		{F3F2B423-656B-5F8D-F722-0422EC4ABCBD}.Release|Any CPU.Build.0 = Release|Any CPU
		{27428B8C-433E-AB95-B018-8F7927CECE45}.Debug|Any CPU.ActiveCfg = Debug|Any CPU
		{27428B8C-433E-AB95-B018-8F7927CECE45}.Debug|Any CPU.Build.0 = Debug|Any CPU
		{27428B8C-433E-AB95-B018-8F7927CECE45}.Release|Any CPU.ActiveCfg = Release|Any CPU
		{27428B8C-433E-AB95-B018-8F7927CECE45}.Release|Any CPU.Build.0 = Release|Any CPU
		{9594961E-3D1D-B01D-F5AA-966196D78C1A}.Debug|Any CPU.ActiveCfg = Debug|Any CPU
		{9594961E-3D1D-B01D-F5AA-966196D78C1A}.Debug|Any CPU.Build.0 = Debug|Any CPU
		{9594961E-3D1D-B01D-F5AA-966196D78C1A}.Release|Any CPU.ActiveCfg = Release|Any CPU
		{9594961E-3D1D-B01D-F5AA-966196D78C1A}.Release|Any CPU.Build.0 = Release|Any CPU
		{15CFE252-5FF0-4665-A6E2-5DBDDB65684E}.Debug|Any CPU.ActiveCfg = Debug|Any CPU
		{15CFE252-5FF0-4665-A6E2-5DBDDB65684E}.Debug|Any CPU.Build.0 = Debug|Any CPU
		{15CFE252-5FF0-4665-A6E2-5DBDDB65684E}.Release|Any CPU.ActiveCfg = Release|Any CPU
		{15CFE252-5FF0-4665-A6E2-5DBDDB65684E}.Release|Any CPU.Build.0 = Release|Any CPU
		{49FD0836-F263-0EAB-C621-D0EBAE478A5F}.Debug|Any CPU.ActiveCfg = Debug|Any CPU
		{49FD0836-F263-0EAB-C621-D0EBAE478A5F}.Debug|Any CPU.Build.0 = Debug|Any CPU
		{49FD0836-F263-0EAB-C621-D0EBAE478A5F}.Release|Any CPU.ActiveCfg = Release|Any CPU
		{49FD0836-F263-0EAB-C621-D0EBAE478A5F}.Release|Any CPU.Build.0 = Release|Any CPU
	EndGlobalSection
	GlobalSection(SolutionProperties) = preSolution
		HideSolutionNode = FALSE
	EndGlobalSection
EndGlobal
